
Microsoft Visual Studio Solution File, Format Version 12.00
# Visual Studio Version 17
VisualStudioVersion = 17.13.36105.23
MinimumVisualStudioVersion = 10.0.40219.1
Project("{FAE04EC0-301F-11D3-BF4B-00C04F79EFBC}") = "Retaligent", "Retaligent\Retaligent.csproj", "{6C4949FB-BB46-49B7-A7ED-F89C351F46D2}"
EndProject
Project("{FAE04EC0-301F-11D3-BF4B-00C04F79EFBC}") = "Retaligent.Common", "Retaligent.Common\Retaligent.Common.csproj", "{7FF70811-03AD-4DED-B97B-B218F69EDE1C}"
EndProject
Project("{FAE04EC0-301F-11D3-BF4B-00C04F79EFBC}") = "Retaligent.DataAccess", "Retaligent.DataAccess\Retaligent.DataAccess.csproj", "{06CD6DDD-D2FD-46F6-BB6F-3BEF8B1C404F}"
EndProject
Project("{FAE04EC0-301F-11D3-BF4B-00C04F79EFBC}") = "Retaligent.FacadeNC", "Retaligent.FacadeNC\Retaligent.FacadeNC.csproj", "{ADAEF59E-4F52-4235-BECF-DC9022CEF19A}"
EndProject
Project("{FAE04EC0-301F-11D3-BF4B-00C04F79EFBC}") = "SaksAgent_Core", "SaksAgent_Core\SaksAgent_Core.csproj", "{9E301E09-15C7-4D28-A243-65F15E7DE9C7}"
EndProject
Global
	GlobalSection(SolutionConfigurationPlatforms) = preSolution
		Debug|Any CPU = Debug|Any CPU
		Release|Any CPU = Release|Any CPU
	EndGlobalSection
	GlobalSection(ProjectConfigurationPlatforms) = postSolution
		{6C4949FB-BB46-49B7-A7ED-F89C351F46D2}.Debug|Any CPU.ActiveCfg = Debug|Any CPU
		{6C4949FB-BB46-49B7-A7ED-F89C351F46D2}.Debug|Any CPU.Build.0 = Debug|Any CPU
		{6C4949FB-BB46-49B7-A7ED-F89C351F46D2}.Release|Any CPU.ActiveCfg = Release|Any CPU
		{6C4949FB-BB46-49B7-A7ED-F89C351F46D2}.Release|Any CPU.Build.0 = Release|Any CPU
		{7FF70811-03AD-4DED-B97B-B218F69EDE1C}.Debug|Any CPU.ActiveCfg = Debug|Any CPU
		{7FF70811-03AD-4DED-B97B-B218F69EDE1C}.Debug|Any CPU.Build.0 = Debug|Any CPU
		{7FF70811-03AD-4DED-B97B-B218F69EDE1C}.Release|Any CPU.ActiveCfg = Release|Any CPU
		{7FF70811-03AD-4DED-B97B-B218F69EDE1C}.Release|Any CPU.Build.0 = Release|Any CPU
		{06CD6DDD-D2FD-46F6-BB6F-3BEF8B1C404F}.Debug|Any CPU.ActiveCfg = Debug|Any CPU
		{06CD6DDD-D2FD-46F6-BB6F-3BEF8B1C404F}.Debug|Any CPU.Build.0 = Debug|Any CPU
		{06CD6DDD-D2FD-46F6-BB6F-3BEF8B1C404F}.Release|Any CPU.ActiveCfg = Release|Any CPU
		{06CD6DDD-D2FD-46F6-BB6F-3BEF8B1C404F}.Release|Any CPU.Build.0 = Release|Any CPU
		{ADAEF59E-4F52-4235-BECF-DC9022CEF19A}.Debug|Any CPU.ActiveCfg = Debug|Any CPU
		{ADAEF59E-4F52-4235-BECF-DC9022CEF19A}.Debug|Any CPU.Build.0 = Debug|Any CPU
		{ADAEF59E-4F52-4235-BECF-DC9022CEF19A}.Release|Any CPU.ActiveCfg = Release|Any CPU
		{ADAEF59E-4F52-4235-BECF-DC9022CEF19A}.Release|Any CPU.Build.0 = Release|Any CPU
		{9E301E09-15C7-4D28-A243-65F15E7DE9C7}.Debug|Any CPU.ActiveCfg = Debug|Any CPU
		{9E301E09-15C7-4D28-A243-65F15E7DE9C7}.Debug|Any CPU.Build.0 = Debug|Any CPU
		{9E301E09-15C7-4D28-A243-65F15E7DE9C7}.Release|Any CPU.ActiveCfg = Release|Any CPU
		{9E301E09-15C7-4D28-A243-65F15E7DE9C7}.Release|Any CPU.Build.0 = Release|Any CPU
	EndGlobalSection
	GlobalSection(SolutionProperties) = preSolution
		HideSolutionNode = FALSE
	EndGlobalSection
	GlobalSection(ExtensibilityGlobals) = postSolution
		SolutionGuid = {800B1E66-8F7C-43C9-885B-B727B1E405C5}
	EndGlobalSection
EndGlobal
